
Microsoft Visual Studio Solution File, Format Version 12.00
Project("{F2A71F9B-5D33-465A-A702-920D77279786}") = "Learning-OpenGL-with-FSharp", "Learning-OpenGL-with-FSharp\Learning-OpenGL-with-FSharp.fsproj", "{AF4235E6-81A2-4BAF-8482-135713400DF0}"
EndProject
Global
	GlobalSection(SolutionConfigurationPlatforms) = preSolution
		Debug|Any CPU = Debug|Any CPU
		Release|Any CPU = Release|Any CPU
	EndGlobalSection
	GlobalSection(ProjectConfigurationPlatforms) = postSolution
		{AF4235E6-81A2-4BAF-8482-135713400DF0}.Debug|Any CPU.ActiveCfg = Debug|Any CPU
		{AF4235E6-81A2-4BAF-8482-135713400DF0}.Debug|Any CPU.Build.0 = Debug|Any CPU
		{AF4235E6-81A2-4BAF-8482-135713400DF0}.Release|Any CPU.ActiveCfg = Release|Any CPU
		{AF4235E6-81A2-4BAF-8482-135713400DF0}.Release|Any CPU.Build.0 = Release|Any CPU
	EndGlobalSection
EndGlobal
